
Microsoft Visual Studio Solution File, Format Version 12.00
# Visual Studio 15
VisualStudioVersion = 15.0.28307.421
MinimumVisualStudioVersion = 10.0.40219.1
Project("{DA7A21FA-8162-4350-AD77-A8D1B671F3ED}") = "KMV", "KMV\KMV.rxproj", "{1D668814-5BD4-4E6C-8F9C-7CDC308756F2}"
EndProject
Global
	GlobalSection(SolutionConfigurationPlatforms) = preSolution
		Debug|Any CPU = Debug|Any CPU
		Release|Any CPU = Release|Any CPU
	EndGlobalSection
	GlobalSection(ProjectConfigurationPlatforms) = postSolution
		{1D668814-5BD4-4E6C-8F9C-7CDC308756F2}.Debug|Any CPU.ActiveCfg = Debug|Any CPU
		{1D668814-5BD4-4E6C-8F9C-7CDC308756F2}.Debug|Any CPU.Build.0 = Debug|Any CPU
		{1D668814-5BD4-4E6C-8F9C-7CDC308756F2}.Release|Any CPU.ActiveCfg = Release|Any CPU
		{1D668814-5BD4-4E6C-8F9C-7CDC308756F2}.Release|Any CPU.Build.0 = Release|Any CPU
	EndGlobalSection
	GlobalSection(SolutionProperties) = preSolution
		HideSolutionNode = FALSE
	EndGlobalSection
	GlobalSection(ExtensibilityGlobals) = postSolution
		SolutionGuid = {23431874-63E8-417D-9D60-70F344FC2F00}
	EndGlobalSection
EndGlobal
